Microsoft Visual Studio Solution File, Format Version 11.00
# Visual Studio 2008

Project("{AA50F1EC-8732-C75E-E494-328A41ADBF9E}") = "Flappy Bid 360", "Assembly-CSharp.csproj", "{C8975A75-C113-E93F-F779-41D64CE13089}"
EndProject
Global
	GlobalSection(SolutionConfigurationPlatforms) = preSolution
		Debug|Any CPU = Debug|Any CPU
		Release|Any CPU = Release|Any CPU
	EndGlobalSection
	GlobalSection(ProjectConfigurationPlatforms) = postSolution
		{C8975A75-C113-E93F-F779-41D64CE13089}.Debug|Any CPU.ActiveCfg = Debug|Any CPU
		{C8975A75-C113-E93F-F779-41D64CE13089}.Debug|Any CPU.Build.0 = Debug|Any CPU
		{C8975A75-C113-E93F-F779-41D64CE13089}.Release|Any CPU.ActiveCfg = Release|Any CPU
		{C8975A75-C113-E93F-F779-41D64CE13089}.Release|Any CPU.Build.0 = Release|Any CPU
	EndGlobalSection
	GlobalSection(SolutionProperties) = preSolution
		HideSolutionNode = FALSE
	EndGlobalSection
	GlobalSection(MonoDevelopProperties) = preSolution
		StartupItem = Assembly-CSharp.csproj
	EndGlobalSection
EndGlobal
